// !$*UTF8*$!
{
	archiveVersion = 1;
	classes = {
	};
	objectVersion = 50;
	objects = {

/* Begin PBXBuildFile section */
		7D0069682510FF7A006F1A4F /* FilterViewController.m in Sources */ = {isa = PBXBuildFile; fileRef = 7D0069672510FF7A006F1A4F /* FilterViewController.m */; };
		7D14CA66250F96D100F07AE6 /* SetEpisodeViewController.m in Sources */ = {isa = PBXBuildFile; fileRef = 7D14CA65250F96D100F07AE6 /* SetEpisodeViewController.m */; };
		7D14CA69250FADBC00F07AE6 /* SeasonsListViewController.m in Sources */ = {isa = PBXBuildFile; fileRef = 7D14CA68250FADBC00F07AE6 /* SeasonsListViewController.m */; };
		7D14CA6C250FADD000F07AE6 /* EpisodesListViewController.m in Sources */ = {isa = PBXBuildFile; fileRef = 7D14CA6B250FADD000F07AE6 /* EpisodesListViewController.m */; };
		7D46F3D9250FBD9A00DAB2C8 /* NewSeasonViewController.m in Sources */ = {isa = PBXBuildFile; fileRef = 7D46F3D8250FBD9A00DAB2C8 /* NewSeasonViewController.m */; };
		7D50382C250E9A0A002069A4 /* AppDelegate.m in Sources */ = {isa = PBXBuildFile; fileRef = 7D50382B250E9A0A002069A4 /* AppDelegate.m */; };
		7D50382F250E9A0A002069A4 /* SceneDelegate.m in Sources */ = {isa = PBXBuildFile; fileRef = 7D50382E250E9A0A002069A4 /* SceneDelegate.m */; };
		7D503835250E9A0A002069A4 /* Main.storyboard in Resources */ = {isa = PBXBuildFile; fileRef = 7D503833250E9A0A002069A4 /* Main.storyboard */; };
		7D503838250E9A0A002069A4 /* Shows.xcdatamodeld in Sources */ = {isa = PBXBuildFile; fileRef = 7D503836250E9A0A002069A4 /* Shows.xcdatamodeld */; };
		7D50383A250E9A0B002069A4 /* Assets.xcassets in Resources */ = {isa = PBXBuildFile; fileRef = 7D503839250E9A0B002069A4 /* Assets.xcassets */; };
		7D50383D250E9A0B002069A4 /* LaunchScreen.storyboard in Resources */ = {isa = PBXBuildFile; fileRef = 7D50383B250E9A0B002069A4 /* LaunchScreen.storyboard */; };
		7D503840250E9A0B002069A4 /* main.m in Sources */ = {isa = PBXBuildFile; fileRef = 7D50383F250E9A0B002069A4 /* main.m */; };
		7D50384C250E9B57002069A4 /* ChoosePlatformsViewController.m in Sources */ = {isa = PBXBuildFile; fileRef = 7D503846250E9B56002069A4 /* ChoosePlatformsViewController.m */; };
		7D50384D250E9B57002069A4 /* HomeViewController.m in Sources */ = {isa = PBXBuildFile; fileRef = 7D503847250E9B56002069A4 /* HomeViewController.m */; };
		7D50384E250E9B57002069A4 /* CategoriesViewController.m in Sources */ = {isa = PBXBuildFile; fileRef = 7D50384A250E9B57002069A4 /* CategoriesViewController.m */; };
		7D503851250E9B6F002069A4 /* InfoTvShowViewController.m in Sources */ = {isa = PBXBuildFile; fileRef = 7D50384F250E9B6F002069A4 /* InfoTvShowViewController.m */; };
		7D503858250E9B82002069A4 /* NewPlatformViewController.m in Sources */ = {isa = PBXBuildFile; fileRef = 7D503852250E9B82002069A4 /* NewPlatformViewController.m */; };
		7D503859250E9B82002069A4 /* PlatformsViewController.m in Sources */ = {isa = PBXBuildFile; fileRef = 7D503854250E9B82002069A4 /* PlatformsViewController.m */; };
		7D50385A250E9B82002069A4 /* NewTvShowViewController.m in Sources */ = {isa = PBXBuildFile; fileRef = 7D503857250E9B82002069A4 /* NewTvShowViewController.m */; };
		7D93F77925125F7200399E6A /* ExportViewController.m in Sources */ = {isa = PBXBuildFile; fileRef = 7D93F77825125F7200399E6A /* ExportViewController.m */; };
		7D93F77C25125F8800399E6A /* PreferencesViewController.m in Sources */ = {isa = PBXBuildFile; fileRef = 7D93F77B25125F8800399E6A /* PreferencesViewController.m */; };
		7DACB5E82510B6860012F0C4 /* NewCategoryViewController.m in Sources */ = {isa = PBXBuildFile; fileRef = 7DACB5E72510B6860012F0C4 /* NewCategoryViewController.m */; };
		7DC1765F25127E520050C3D3 /* EditTvShowViewController.m in Sources */ = {isa = PBXBuildFile; fileRef = 7DC1765E25127E520050C3D3 /* EditTvShowViewController.m */; };
		7DC17662251284B20050C3D3 /* ChangePlatformsViewController.m in Sources */ = {isa = PBXBuildFile; fileRef = 7DC17661251284B20050C3D3 /* ChangePlatformsViewController.m */; };
/* End PBXBuildFile section */

/* Begin PBXFileReference section */
		7D0069662510FF7A006F1A4F /* FilterViewController.h */ = {isa = PBXFileReference; lastKnownFileType = sourcecode.c.h; path = FilterViewController.h; sourceTree = "<group>"; };
		7D0069672510FF7A006F1A4F /* FilterViewController.m */ = {isa = PBXFileReference; lastKnownFileType = sourcecode.c.objc; path = FilterViewController.m; sourceTree = "<group>"; };
		7D14CA64250F96D100F07AE6 /* SetEpisodeViewController.h */ = {isa = PBXFileReference; lastKnownFileType = sourcecode.c.h; path = SetEpisodeViewController.h; sourceTree = "<group>"; };
		7D14CA65250F96D100F07AE6 /* SetEpisodeViewController.m */ = {isa = PBXFileReference; lastKnownFileType = sourcecode.c.objc; path = SetEpisodeViewController.m; sourceTree = "<group>"; };
		7D14CA67250FADBC00F07AE6 /* SeasonsListViewController.h */ = {isa = PBXFileReference; lastKnownFileType = sourcecode.c.h; path = SeasonsListViewController.h; sourceTree = "<group>"; };
		7D14CA68250FADBC00F07AE6 /* SeasonsListViewController.m */ = {isa = PBXFileReference; lastKnownFileType = sourcecode.c.objc; path = SeasonsListViewController.m; sourceTree = "<group>"; };
		7D14CA6A250FADD000F07AE6 /* EpisodesListViewController.h */ = {isa = PBXFileReference; lastKnownFileType = sourcecode.c.h; path = EpisodesListViewController.h; sourceTree = "<group>"; };
		7D14CA6B250FADD000F07AE6 /* EpisodesListViewController.m */ = {isa = PBXFileReference; lastKnownFileType = sourcecode.c.objc; path = EpisodesListViewController.m; sourceTree = "<group>"; };
		7D46F3D7250FBD9A00DAB2C8 /* NewSeasonViewController.h */ = {isa = PBXFileReference; lastKnownFileType = sourcecode.c.h; path = NewSeasonViewController.h; sourceTree = "<group>"; };
		7D46F3D8250FBD9A00DAB2C8 /* NewSeasonViewController.m */ = {isa = PBXFileReference; lastKnownFileType = sourcecode.c.objc; path = NewSeasonViewController.m; sourceTree = "<group>"; };
		7D503827250E9A0A002069A4 /* Shows.app */ = {isa = PBXFileReference; explicitFileType = wrapper.application; includeInIndex = 0; path = Shows.app; sourceTree = BUILT_PRODUCTS_DIR; };
		7D50382A250E9A0A002069A4 /* AppDelegate.h */ = {isa = PBXFileReference; lastKnownFileType = sourcecode.c.h; path = AppDelegate.h; sourceTree = "<group>"; };
		7D50382B250E9A0A002069A4 /* AppDelegate.m */ = {isa = PBXFileReference; lastKnownFileType = sourcecode.c.objc; path = AppDelegate.m; sourceTree = "<group>"; };
		7D50382D250E9A0A002069A4 /* SceneDelegate.h */ = {isa = PBXFileReference; lastKnownFileType = sourcecode.c.h; path = SceneDelegate.h; sourceTree = "<group>"; };
		7D50382E250E9A0A002069A4 /* SceneDelegate.m */ = {isa = PBXFileReference; lastKnownFileType = sourcecode.c.objc; path = SceneDelegate.m; sourceTree = "<group>"; };
		7D503834250E9A0A002069A4 /* Base */ = {isa = PBXFileReference; lastKnownFileType = file.storyboard; name = Base; path = Base.lproj/Main.storyboard; sourceTree = "<group>"; };
		7D503837250E9A0A002069A4 /* Shows.xcdatamodel */ = {isa = PBXFileReference; lastKnownFileType = wrapper.xcdatamodel; path = Shows.xcdatamodel; sourceTree = "<group>"; };
		7D503839250E9A0B002069A4 /* Assets.xcassets */ = {isa = PBXFileReference; lastKnownFileType = folder.assetcatalog; path = Assets.xcassets; sourceTree = "<group>"; };
		7D50383C250E9A0B002069A4 /* Base */ = {isa = PBXFileReference; lastKnownFileType = file.storyboard; name = Base; path = Base.lproj/LaunchScreen.storyboard; sourceTree = "<group>"; };
		7D50383E250E9A0B002069A4 /* Info.plist */ = {isa = PBXFileReference; lastKnownFileType = text.plist.xml; path = Info.plist; sourceTree = "<group>"; };
		7D50383F250E9A0B002069A4 /* main.m */ = {isa = PBXFileReference; lastKnownFileType = sourcecode.c.objc; path = main.m; sourceTree = "<group>"; };
		7D503846250E9B56002069A4 /* ChoosePlatformsViewController.m */ = {isa = PBXFileReference; fileEncoding = 4; lastKnownFileType = sourcecode.c.objc; path = ChoosePlatformsViewController.m; sourceTree = "<group>"; };
		7D503847250E9B56002069A4 /* HomeViewController.m */ = {isa = PBXFileReference; fileEncoding = 4; lastKnownFileType = sourcecode.c.objc; path = HomeViewController.m; sourceTree = "<group>"; };
		7D503848250E9B56002069A4 /* CategoriesViewController.h */ = {isa = PBXFileReference; fileEncoding = 4; lastKnownFileType = sourcecode.c.h; path = CategoriesViewController.h; sourceTree = "<group>"; };
		7D503849250E9B57002069A4 /* ChoosePlatformsViewController.h */ = {isa = PBXFileReference; fileEncoding = 4; lastKnownFileType = sourcecode.c.h; path = ChoosePlatformsViewController.h; sourceTree = "<group>"; };
		7D50384A250E9B57002069A4 /* CategoriesViewController.m */ = {isa = PBXFileReference; fileEncoding = 4; lastKnownFileType = sourcecode.c.objc; path = CategoriesViewController.m; sourceTree = "<group>"; };
		7D50384B250E9B57002069A4 /* HomeViewController.h */ = {isa = PBXFileReference; fileEncoding = 4; lastKnownFileType = sourcecode.c.h; path = HomeViewController.h; sourceTree = "<group>"; };
		7D50384F250E9B6F002069A4 /* InfoTvShowViewController.m */ = {isa = PBXFileReference; fileEncoding = 4; lastKnownFileType = sourcecode.c.objc; path = InfoTvShowViewController.m; sourceTree = "<group>"; };
		7D503850250E9B6F002069A4 /* InfoTvShowViewController.h */ = {isa = PBXFileReference; fileEncoding = 4; lastKnownFileType = sourcecode.c.h; path = InfoTvShowViewController.h; sourceTree = "<group>"; };
		7D503852250E9B82002069A4 /* NewPlatformViewController.m */ = {isa = PBXFileReference; fileEncoding = 4; lastKnownFileType = sourcecode.c.objc; path = NewPlatformViewController.m; sourceTree = "<group>"; };
		7D503853250E9B82002069A4 /* PlatformsViewController.h */ = {isa = PBXFileReference; fileEncoding = 4; lastKnownFileType = sourcecode.c.h; path = PlatformsViewController.h; sourceTree = "<group>"; };
		7D503854250E9B82002069A4 /* PlatformsViewController.m */ = {isa = PBXFileReference; fileEncoding = 4; lastKnownFileType = sourcecode.c.objc; path = PlatformsViewController.m; sourceTree = "<group>"; };
		7D503855250E9B82002069A4 /* NewPlatformViewController.h */ = {isa = PBXFileReference; fileEncoding = 4; lastKnownFileType = sourcecode.c.h; path = NewPlatformViewController.h; sourceTree = "<group>"; };
		7D503856250E9B82002069A4 /* NewTvShowViewController.h */ = {isa = PBXFileReference; fileEncoding = 4; lastKnownFileType = sourcecode.c.h; path = NewTvShowViewController.h; sourceTree = "<group>"; };
		7D503857250E9B82002069A4 /* NewTvShowViewController.m */ = {isa = PBXFileReference; fileEncoding = 4; lastKnownFileType = sourcecode.c.objc; path = NewTvShowViewController.m; sourceTree = "<group>"; };
		7D93F77725125F7200399E6A /* ExportViewController.h */ = {isa = PBXFileReference; lastKnownFileType = sourcecode.c.h; path = ExportViewController.h; sourceTree = "<group>"; };
		7D93F77825125F7200399E6A /* ExportViewController.m */ = {isa = PBXFileReference; lastKnownFileType = sourcecode.c.objc; path = ExportViewController.m; sourceTree = "<group>"; };
		7D93F77A25125F8800399E6A /* PreferencesViewController.h */ = {isa = PBXFileReference; lastKnownFileType = sourcecode.c.h; path = PreferencesViewController.h; sourceTree = "<group>"; };
		7D93F77B25125F8800399E6A /* PreferencesViewController.m */ = {isa = PBXFileReference; lastKnownFileType = sourcecode.c.objc; path = PreferencesViewController.m; sourceTree = "<group>"; };
		7DACB5E62510B6860012F0C4 /* NewCategoryViewController.h */ = {isa = PBXFileReference; lastKnownFileType = sourcecode.c.h; path = NewCategoryViewController.h; sourceTree = "<group>"; };
		7DACB5E72510B6860012F0C4 /* NewCategoryViewController.m */ = {isa = PBXFileReference; lastKnownFileType = sourcecode.c.objc; path = NewCategoryViewController.m; sourceTree = "<group>"; };
		7DC1765D25127E520050C3D3 /* EditTvShowViewController.h */ = {isa = PBXFileReference; lastKnownFileType = sourcecode.c.h; path = EditTvShowViewController.h; sourceTree = "<group>"; };
		7DC1765E25127E520050C3D3 /* EditTvShowViewController.m */ = {isa = PBXFileReference; lastKnownFileType = sourcecode.c.objc; path = EditTvShowViewController.m; sourceTree = "<group>"; };
		7DC17660251284B20050C3D3 /* ChangePlatformsViewController.h */ = {isa = PBXFileReference; lastKnownFileType = sourcecode.c.h; path = ChangePlatformsViewController.h; sourceTree = "<group>"; };
		7DC17661251284B20050C3D3 /* ChangePlatformsViewController.m */ = {isa = PBXFileReference; lastKnownFileType = sourcecode.c.objc; path = ChangePlatformsViewController.m; sourceTree = "<group>"; };
/* End PBXFileReference section */

/* Begin PBXFrameworksBuildPhase section */
		7D503824250E9A0A002069A4 /* Frameworks */ = {
			isa = PBXFrameworksBuildPhase;
			buildActionMask = 2147483647;
			files = (
			);
			runOnlyForDeploymentPostprocessing = 0;
		};
/* End PBXFrameworksBuildPhase section */

/* Begin PBXGroup section */
		7D50381E250E9A0A002069A4 = {
			isa = PBXGroup;
			children = (
				7D503829250E9A0A002069A4 /* Shows */,
				7D503828250E9A0A002069A4 /* Products */,
			);
			sourceTree = "<group>";
		};
		7D503828250E9A0A002069A4 /* Products */ = {
			isa = PBXGroup;
			children = (
				7D503827250E9A0A002069A4 /* Shows.app */,
			);
			name = Products;
			sourceTree = "<group>";
		};
		7D503829250E9A0A002069A4 /* Shows */ = {
			isa = PBXGroup;
			children = (
				7D50382A250E9A0A002069A4 /* AppDelegate.h */,
				7D50382B250E9A0A002069A4 /* AppDelegate.m */,
				7D503839250E9A0B002069A4 /* Assets.xcassets */,
				7D503848250E9B56002069A4 /* CategoriesViewController.h */,
				7D50384A250E9B57002069A4 /* CategoriesViewController.m */,
				7DC17660251284B20050C3D3 /* ChangePlatformsViewController.h */,
				7DC17661251284B20050C3D3 /* ChangePlatformsViewController.m */,
				7D503849250E9B57002069A4 /* ChoosePlatformsViewController.h */,
				7D503846250E9B56002069A4 /* ChoosePlatformsViewController.m */,
				7DC1765D25127E520050C3D3 /* EditTvShowViewController.h */,
				7DC1765E25127E520050C3D3 /* EditTvShowViewController.m */,
				7D14CA6A250FADD000F07AE6 /* EpisodesListViewController.h */,
				7D14CA6B250FADD000F07AE6 /* EpisodesListViewController.m */,
				7D93F77725125F7200399E6A /* ExportViewController.h */,
				7D93F77825125F7200399E6A /* ExportViewController.m */,
				7D0069662510FF7A006F1A4F /* FilterViewController.h */,
				7D0069672510FF7A006F1A4F /* FilterViewController.m */,
				7D50384B250E9B57002069A4 /* HomeViewController.h */,
				7D503847250E9B56002069A4 /* HomeViewController.m */,
				7D50383E250E9A0B002069A4 /* Info.plist */,
				7D503850250E9B6F002069A4 /* InfoTvShowViewController.h */,
				7D50384F250E9B6F002069A4 /* InfoTvShowViewController.m */,
				7D50383B250E9A0B002069A4 /* LaunchScreen.storyboard */,
				7D50383F250E9A0B002069A4 /* main.m */,
				7D503833250E9A0A002069A4 /* Main.storyboard */,
				7DACB5E62510B6860012F0C4 /* NewCategoryViewController.h */,
				7DACB5E72510B6860012F0C4 /* NewCategoryViewController.m */,
				7D503855250E9B82002069A4 /* NewPlatformViewController.h */,
				7D503852250E9B82002069A4 /* NewPlatformViewController.m */,
				7D46F3D7250FBD9A00DAB2C8 /* NewSeasonViewController.h */,
				7D46F3D8250FBD9A00DAB2C8 /* NewSeasonViewController.m */,
				7D503856250E9B82002069A4 /* NewTvShowViewController.h */,
				7D503857250E9B82002069A4 /* NewTvShowViewController.m */,
				7D503853250E9B82002069A4 /* PlatformsViewController.h */,
				7D503854250E9B82002069A4 /* PlatformsViewController.m */,
				7D93F77A25125F8800399E6A /* PreferencesViewController.h */,
				7D93F77B25125F8800399E6A /* PreferencesViewController.m */,
				7D50382D250E9A0A002069A4 /* SceneDelegate.h */,
				7D50382E250E9A0A002069A4 /* SceneDelegate.m */,
				7D14CA67250FADBC00F07AE6 /* SeasonsListViewController.h */,
				7D14CA68250FADBC00F07AE6 /* SeasonsListViewController.m */,
				7D14CA64250F96D100F07AE6 /* SetEpisodeViewController.h */,
				7D14CA65250F96D100F07AE6 /* SetEpisodeViewController.m */,
				7D503836250E9A0A002069A4 /* Shows.xcdatamodeld */,
			);
			path = Shows;
			sourceTree = "<group>";
		};
/* End PBXGroup section */

/* Begin PBXNativeTarget section */
		7D503826250E9A0A002069A4 /* Shows */ = {
			isa = PBXNativeTarget;
			buildConfigurationList = 7D503843250E9A0B002069A4 /* Build configuration list for PBXNativeTarget "Shows" */;
			buildPhases = (
				7D503823250E9A0A002069A4 /* Sources */,
				7D503824250E9A0A002069A4 /* Frameworks */,
				7D503825250E9A0A002069A4 /* Resources */,
			);
			buildRules = (
			);
			dependencies = (
			);
			name = Shows;
			productName = Shows;
			productReference = 7D503827250E9A0A002069A4 /* Shows.app */;
			productType = "com.apple.product-type.application";
		};
/* End PBXNativeTarget section */

/* Begin PBXProject section */
		7D50381F250E9A0A002069A4 /* Project object */ = {
			isa = PBXProject;
			attributes = {
				LastUpgradeCheck = 1170;
				ORGANIZATIONNAME = "Francesco Murolo";
				TargetAttributes = {
					7D503826250E9A0A002069A4 = {
						CreatedOnToolsVersion = 11.7;
					};
				};
			};
			buildConfigurationList = 7D503822250E9A0A002069A4 /* Build configuration list for PBXProject "Shows" */;
			compatibilityVersion = "Xcode 9.3";
			developmentRegion = en;
			hasScannedForEncodings = 0;
			knownRegions = (
				en,
				Base,
			);
			mainGroup = 7D50381E250E9A0A002069A4;
			productRefGroup = 7D503828250E9A0A002069A4 /* Products */;
			projectDirPath = "";
			projectRoot = "";
			targets = (
				7D503826250E9A0A002069A4 /* Shows */,
			);
		};
/* End PBXProject section */

/* Begin PBXResourcesBuildPhase section */
		7D503825250E9A0A002069A4 /* Resources */ = {
			isa = PBXResourcesBuildPhase;
			buildActionMask = 2147483647;
			files = (
				7D50383D250E9A0B002069A4 /* LaunchScreen.storyboard in Resources */,
				7D50383A250E9A0B002069A4 /* Assets.xcassets in Resources */,
				7D503835250E9A0A002069A4 /* Main.storyboard in Resources */,
			);
			runOnlyForDeploymentPostprocessing = 0;
		};
/* End PBXResourcesBuildPhase section */

/* Begin PBXSourcesBuildPhase section */
		7D503823250E9A0A002069A4 /* Sources */ = {
			isa = PBXSourcesBuildPhase;
			buildActionMask = 2147483647;
			files = (
				7D503840250E9A0B002069A4 /* main.m in Sources */,
				7DC17662251284B20050C3D3 /* ChangePlatformsViewController.m in Sources */,
				7D50382C250E9A0A002069A4 /* AppDelegate.m in Sources */,
				7D14CA66250F96D100F07AE6 /* SetEpisodeViewController.m in Sources */,
				7D93F77925125F7200399E6A /* ExportViewController.m in Sources */,
				7D50384C250E9B57002069A4 /* ChoosePlatformsViewController.m in Sources */,
				7D503851250E9B6F002069A4 /* InfoTvShowViewController.m in Sources */,
				7D46F3D9250FBD9A00DAB2C8 /* NewSeasonViewController.m in Sources */,
				7D93F77C25125F8800399E6A /* PreferencesViewController.m in Sources */,
				7D50384E250E9B57002069A4 /* CategoriesViewController.m in Sources */,
				7DC1765F25127E520050C3D3 /* EditTvShowViewController.m in Sources */,
				7D14CA69250FADBC00F07AE6 /* SeasonsListViewController.m in Sources */,
				7D503859250E9B82002069A4 /* PlatformsViewController.m in Sources */,
				7D0069682510FF7A006F1A4F /* FilterViewController.m in Sources */,
				7D50385A250E9B82002069A4 /* NewTvShowViewController.m in Sources */,
				7D503838250E9A0A002069A4 /* Shows.xcdatamodeld in Sources */,
				7D50382F250E9A0A002069A4 /* SceneDelegate.m in Sources */,
				7D50384D250E9B57002069A4 /* HomeViewController.m in Sources */,
				7DACB5E82510B6860012F0C4 /* NewCategoryViewController.m in Sources */,
				7D14CA6C250FADD000F07AE6 /* EpisodesListViewController.m in Sources */,
				7D503858250E9B82002069A4 /* NewPlatformViewController.m in Sources */,
			);
			runOnlyForDeploymentPostprocessing = 0;
		};
/* End PBXSourcesBuildPhase section */

/* Begin PBXVariantGroup section */
		7D503833250E9A0A002069A4 /* Main.storyboard */ = {
			isa = PBXVariantGroup;
			children = (
				7D503834250E9A0A002069A4 /* Base */,
			);
			name = Main.storyboard;
			sourceTree = "<group>";
		};
		7D50383B250E9A0B002069A4 /* LaunchScreen.storyboard */ = {
			isa = PBXVariantGroup;
			children = (
				7D50383C250E9A0B002069A4 /* Base */,
			);
			name = LaunchScreen.storyboard;
			sourceTree = "<group>";
		};
/* End PBXVariantGroup section */

/* Begin XCBuildConfiguration section */
		7D503841250E9A0B002069A4 /* Debug */ = {
			isa = XCBuildConfiguration;
			buildSettings = {
				ALWAYS_SEARCH_USER_PATHS = NO;
				CLANG_ANALYZER_NONNULL = YES;
				CLANG_ANALYZER_NUMBER_OBJECT_CONVERSION = YES_AGGRESSIVE;
				CLANG_CXX_LANGUAGE_STANDARD = "gnu++14";
				CLANG_CXX_LIBRARY = "libc++";
				CLANG_ENABLE_MODULES = YES;
				CLANG_ENABLE_OBJC_ARC = YES;
				CLANG_ENABLE_OBJC_WEAK = YES;
				CLANG_WARN_BLOCK_CAPTURE_AUTORELEASING = YES;
				CLANG_WARN_BOOL_CONVERSION = YES;
				CLANG_WARN_COMMA = YES;
				CLANG_WARN_CONSTANT_CONVERSION = YES;
				CLANG_WARN_DEPRECATED_OBJC_IMPLEMENTATIONS = YES;
				CLANG_WARN_DIRECT_OBJC_ISA_USAGE = YES_ERROR;
				CLANG_WARN_DOCUMENTATION_COMMENTS = YES;
				CLANG_WARN_EMPTY_BODY = YES;
				CLANG_WARN_ENUM_CONVERSION = YES;
				CLANG_WARN_INFINITE_RECURSION = YES;
				CLANG_WARN_INT_CONVERSION = YES;
				CLANG_WARN_NON_LITERAL_NULL_CONVERSION = YES;
				CLANG_WARN_OBJC_IMPLICIT_RETAIN_SELF = YES;
				CLANG_WARN_OBJC_LITERAL_CONVERSION = YES;
				CLANG_WARN_OBJC_ROOT_CLASS = YES_ERROR;
				CLANG_WARN_RANGE_LOOP_ANALYSIS = YES;
				CLANG_WARN_STRICT_PROTOTYPES = YES;
				CLANG_WARN_SUSPICIOUS_MOVE = YES;
				CLANG_WARN_UNGUARDED_AVAILABILITY = YES_AGGRESSIVE;
				CLANG_WARN_UNREACHABLE_CODE = YES;
				CLANG_WARN__DUPLICATE_METHOD_MATCH = YES;
				COPY_PHASE_STRIP = NO;
				DEBUG_INFORMATION_FORMAT = dwarf;
				ENABLE_STRICT_OBJC_MSGSEND = YES;
				ENABLE_TESTABILITY = YES;
				GCC_C_LANGUAGE_STANDARD = gnu11;
				GCC_DYNAMIC_NO_PIC = NO;
				GCC_NO_COMMON_BLOCKS = YES;
				GCC_OPTIMIZATION_LEVEL = 0;
				GCC_PREPROCESSOR_DEFINITIONS = (
					"DEBUG=1",
					"$(inherited)",
				);
				GCC_WARN_64_TO_32_BIT_CONVERSION = YES;
				GCC_WARN_ABOUT_RETURN_TYPE = YES_ERROR;
				GCC_WARN_UNDECLARED_SELECTOR = YES;
				GCC_WARN_UNINITIALIZED_AUTOS = YES_AGGRESSIVE;
				GCC_WARN_UNUSED_FUNCTION = YES;
				GCC_WARN_UNUSED_VARIABLE = YES;
				IPHONEOS_DEPLOYMENT_TARGET = 13.7;
				MTL_ENABLE_DEBUG_INFO = INCLUDE_SOURCE;
				MTL_FAST_MATH = YES;
				ONLY_ACTIVE_ARCH = YES;
				SDKROOT = iphoneos;
			};
			name = Debug;
		};
		7D503842250E9A0B002069A4 /* Release */ = {
			isa = XCBuildConfiguration;
			buildSettings = {
				ALWAYS_SEARCH_USER_PATHS = NO;
				CLANG_ANALYZER_NONNULL = YES;
				CLANG_ANALYZER_NUMBER_OBJECT_CONVERSION = YES_AGGRESSIVE;
				CLANG_CXX_LANGUAGE_STANDARD = "gnu++14";
				CLANG_CXX_LIBRARY = "libc++";
				CLANG_ENABLE_MODULES = YES;
				CLANG_ENABLE_OBJC_ARC = YES;
				CLANG_ENABLE_OBJC_WEAK = YES;
				CLANG_WARN_BLOCK_CAPTURE_AUTORELEASING = YES;
				CLANG_WARN_BOOL_CONVERSION = YES;
				CLANG_WARN_COMMA = YES;
				CLANG_WARN_CONSTANT_CONVERSION = YES;
				CLANG_WARN_DEPRECATED_OBJC_IMPLEMENTATIONS = YES;
				CLANG_WARN_DIRECT_OBJC_ISA_USAGE = YES_ERROR;
				CLANG_WARN_DOCUMENTATION_COMMENTS = YES;
				CLANG_WARN_EMPTY_BODY = YES;
				CLANG_WARN_ENUM_CONVERSION = YES;
				CLANG_WARN_INFINITE_RECURSION = YES;
				CLANG_WARN_INT_CONVERSION = YES;
				CLANG_WARN_NON_LITERAL_NULL_CONVERSION = YES;
				CLANG_WARN_OBJC_IMPLICIT_RETAIN_SELF = YES;
				CLANG_WARN_OBJC_LITERAL_CONVERSION = YES;
				CLANG_WARN_OBJC_ROOT_CLASS = YES_ERROR;
				CLANG_WARN_RANGE_LOOP_ANALYSIS = YES;
				CLANG_WARN_STRICT_PROTOTYPES = YES;
				CLANG_WARN_SUSPICIOUS_MOVE = YES;
				CLANG_WARN_UNGUARDED_AVAILABILITY = YES_AGGRESSIVE;
				CLANG_WARN_UNREACHABLE_CODE = YES;
				CLANG_WARN__DUPLICATE_METHOD_MATCH = YES;
				COPY_PHASE_STRIP = NO;
				DEBUG_INFORMATION_FORMAT = "dwarf-with-dsym";
				ENABLE_NS_ASSERTIONS = NO;
				ENABLE_STRICT_OBJC_MSGSEND = YES;
				GCC_C_LANGUAGE_STANDARD = gnu11;
				GCC_NO_COMMON_BLOCKS = YES;
				GCC_WARN_64_TO_32_BIT_CONVERSION = YES;
				GCC_WARN_ABOUT_RETURN_TYPE = YES_ERROR;
				GCC_WARN_UNDECLARED_SELECTOR = YES;
				GCC_WARN_UNINITIALIZED_AUTOS = YES_AGGRESSIVE;
				GCC_WARN_UNUSED_FUNCTION = YES;
				GCC_WARN_UNUSED_VARIABLE = YES;
				IPHONEOS_DEPLOYMENT_TARGET = 13.7;
				MTL_ENABLE_DEBUG_INFO = NO;
				MTL_FAST_MATH = YES;
				SDKROOT = iphoneos;
				VALIDATE_PRODUCT = YES;
			};
			name = Release;
		};
		7D503844250E9A0B002069A4 /* Debug */ = {
			isa = XCBuildConfiguration;
			buildSettings = {
				ASSETCATALOG_COMPILER_APPICON_NAME = AppIcon;
				CODE_SIGN_STYLE = Automatic;
				INFOPLIST_FILE = Shows/Info.plist;
				LD_RUNPATH_SEARCH_PATHS = (
					"$(inherited)",
					"@executable_path/Frameworks",
				);
				PRODUCT_BUNDLE_IDENTIFIER = fra.Shows;
				PRODUCT_NAME = "$(TARGET_NAME)";
				TARGETED_DEVICE_FAMILY = "1,2";
			};
			name = Debug;
		};
		7D503845250E9A0B002069A4 /* Release */ = {
			isa = XCBuildConfiguration;
			buildSettings = {
				ASSETCATALOG_COMPILER_APPICON_NAME = AppIcon;
				CODE_SIGN_STYLE = Automatic;
				INFOPLIST_FILE = Shows/Info.plist;
				LD_RUNPATH_SEARCH_PATHS = (
					"$(inherited)",
					"@executable_path/Frameworks",
				);
				PRODUCT_BUNDLE_IDENTIFIER = fra.Shows;
				PRODUCT_NAME = "$(TARGET_NAME)";
				TARGETED_DEVICE_FAMILY = "1,2";
			};
			name = Release;
		};
/* End XCBuildConfiguration section */

/* Begin XCConfigurationList section */
		7D503822250E9A0A002069A4 /* Build configuration list for PBXProject "Shows" */ = {
			isa = XCConfigurationList;
			buildConfigurations = (
				7D503841250E9A0B002069A4 /* Debug */,
				7D503842250E9A0B002069A4 /* Release */,
			);
			defaultConfigurationIsVisible = 0;
			defaultConfigurationName = Release;
		};
		7D503843250E9A0B002069A4 /* Build configuration list for PBXNativeTarget "Shows" */ = {
			isa = XCConfigurationList;
			buildConfigurations = (
				7D503844250E9A0B002069A4 /* Debug */,
				7D503845250E9A0B002069A4 /* Release */,
			);
			defaultConfigurationIsVisible = 0;
			defaultConfigurationName = Release;
		};
/* End XCConfigurationList section */

/* Begin XCVersionGroup section */
		7D503836250E9A0A002069A4 /* Shows.xcdatamodeld */ = {
			isa = XCVersionGroup;
			children = (
				7D503837250E9A0A002069A4 /* Shows.xcdatamodel */,
			);
			currentVersion = 7D503837250E9A0A002069A4 /* Shows.xcdatamodel */;
			path = Shows.xcdatamodeld;
			sourceTree = "<group>";
			versionGroupType = wrapper.xcdatamodel;
		};
/* End XCVersionGroup section */
	};
	rootObject = 7D50381F250E9A0A002069A4 /* Project object */;
}
